// !$*UTF8*$!
{
	archiveVersion = 1;
	classes = {
	};
	objectVersion = 46;
	objects = {

/* Begin PBXBuildFile section */
		A721E1B91AE2D0BB00FBF49B /* AppDelegate.swift in Sources */ = {isa = PBXBuildFile; fileRef = A721E1B81AE2D0BB00FBF49B /* AppDelegate.swift */; };
		A721E1BB1AE2D0BB00FBF49B /* ViewController.swift in Sources */ = {isa = PBXBuildFile; fileRef = A721E1BA1AE2D0BB00FBF49B /* ViewController.swift */; };
		A721E1BE1AE2D0BB00FBF49B /* Main.storyboard in Resources */ = {isa = PBXBuildFile; fileRef = A721E1BC1AE2D0BB00FBF49B /* Main.storyboard */; };
		A721E1C01AE2D0BB00FBF49B /* Images.xcassets in Resources */ = {isa = PBXBuildFile; fileRef = A721E1BF1AE2D0BB00FBF49B /* Images.xcassets */; };
		A721E1C31AE2D0BB00FBF49B /* LaunchScreen.xib in Resources */ = {isa = PBXBuildFile; fileRef = A721E1C11AE2D0BB00FBF49B /* LaunchScreen.xib */; };
		A721E1CF1AE2D0BB00FBF49B /* AddBlurTests.swift in Sources */ = {isa = PBXBuildFile; fileRef = A721E1CE1AE2D0BB00FBF49B /* AddBlurTests.swift */; };
		A721E1D91AE2D0F900FBF49B /* profile.jpg in Resources */ = {isa = PBXBuildFile; fileRef = A721E1D81AE2D0F900FBF49B /* profile.jpg */; };
/* End PBXBuildFile section */

/* Begin PBXContainerItemProxy section */
		A721E1C91AE2D0BB00FBF49B /* PBXContainerItemProxy */ = {
			isa = PBXContainerItemProxy;
			containerPortal = A721E1AB1AE2D0BB00FBF49B /* Project object */;
			proxyType = 1;
			remoteGlobalIDString = A721E1B21AE2D0BB00FBF49B;
			remoteInfo = AddBlur;
		};
/* End PBXContainerItemProxy section */

/* Begin PBXFileReference section */
		A721E1B31AE2D0BB00FBF49B /* AddBlur.app */ = {isa = PBXFileReference; explicitFileType = wrapper.application; includeInIndex = 0; path = AddBlur.app; sourceTree = BUILT_PRODUCTS_DIR; };
		A721E1B71AE2D0BB00FBF49B /* Info.plist */ = {isa = PBXFileReference; lastKnownFileType = text.plist.xml; path = Info.plist; sourceTree = "<group>"; };
		A721E1B81AE2D0BB00FBF49B /* AppDelegate.swift */ = {isa = PBXFileReference; lastKnownFileType = sourcecode.swift; path = AppDelegate.swift; sourceTree = "<group>"; };
		A721E1BA1AE2D0BB00FBF49B /* ViewController.swift */ = {isa = PBXFileReference; lastKnownFileType = sourcecode.swift; path = ViewController.swift; sourceTree = "<group>"; };
		A721E1BD1AE2D0BB00FBF49B /* Base */ = {isa = PBXFileReference; lastKnownFileType = file.storyboard; name = Base; path = Base.lproj/Main.storyboard; sourceTree = "<group>"; };
		A721E1BF1AE2D0BB00FBF49B /* Images.xcassets */ = {isa = PBXFileReference; lastKnownFileType = folder.assetcatalog; path = Images.xcassets; sourceTree = "<group>"; };
		A721E1C21AE2D0BB00FBF49B /* Base */ = {isa = PBXFileReference; lastKnownFileType = file.xib; name = Base; path = Base.lproj/LaunchScreen.xib; sourceTree = "<group>"; };
		A721E1C81AE2D0BB00FBF49B /* AddBlurTests.xctest */ = {isa = PBXFileReference; explicitFileType = wrapper.cfbundle; includeInIndex = 0; path = AddBlurTests.xctest; sourceTree = BUILT_PRODUCTS_DIR; };
		A721E1CD1AE2D0BB00FBF49B /* Info.plist */ = {isa = PBXFileReference; lastKnownFileType = text.plist.xml; path = Info.plist; sourceTree = "<group>"; };
		A721E1CE1AE2D0BB00FBF49B /* AddBlurTests.swift */ = {isa = PBXFileReference; lastKnownFileType = sourcecode.swift; path = AddBlurTests.swift; sourceTree = "<group>"; };
		A721E1D81AE2D0F900FBF49B /* profile.jpg */ = {isa = PBXFileReference; lastKnownFileType = image.jpeg; path = profile.jpg; sourceTree = "<group>"; };
/* End PBXFileReference section */

/* Begin PBXFrameworksBuildPhase section */
		A721E1B01AE2D0BB00FBF49B /* Frameworks */ = {
			isa = PBXFrameworksBuildPhase;
			buildActionMask = 2147483647;
			files = (
			);
			runOnlyForDeploymentPostprocessing = 0;
		};
		A721E1C51AE2D0BB00FBF49B /* Frameworks */ = {
			isa = PBXFrameworksBuildPhase;
			buildActionMask = 2147483647;
			files = (
			);
			runOnlyForDeploymentPostprocessing = 0;
		};
/* End PBXFrameworksBuildPhase section */

/* Begin PBXGroup section */
		A721E1AA1AE2D0BB00FBF49B = {
			isa = PBXGroup;
			children = (
				A721E1B51AE2D0BB00FBF49B /* AddBlur */,
				A721E1CB1AE2D0BB00FBF49B /* AddBlurTests */,
				A721E1B41AE2D0BB00FBF49B /* Products */,
			);
			sourceTree = "<group>";
		};
		A721E1B41AE2D0BB00FBF49B /* Products */ = {
			isa = PBXGroup;
			children = (
				A721E1B31AE2D0BB00FBF49B /* AddBlur.app */,
				A721E1C81AE2D0BB00FBF49B /* AddBlurTests.xctest */,
			);
			name = Products;
			sourceTree = "<group>";
		};
		A721E1B51AE2D0BB00FBF49B /* AddBlur */ = {
			isa = PBXGroup;
			children = (
				A721E1D81AE2D0F900FBF49B /* profile.jpg */,
				A721E1B81AE2D0BB00FBF49B /* AppDelegate.swift */,
				A721E1BA1AE2D0BB00FBF49B /* ViewController.swift */,
				A721E1BC1AE2D0BB00FBF49B /* Main.storyboard */,
				A721E1BF1AE2D0BB00FBF49B /* Images.xcassets */,
				A721E1C11AE2D0BB00FBF49B /* LaunchScreen.xib */,
				A721E1B61AE2D0BB00FBF49B /* Supporting Files */,
			);
			path = AddBlur;
			sourceTree = "<group>";
		};
		A721E1B61AE2D0BB00FBF49B /* Supporting Files */ = {
			isa = PBXGroup;
			children = (
				A721E1B71AE2D0BB00FBF49B /* Info.plist */,
			);
			name = "Supporting Files";
			sourceTree = "<group>";
		};
		A721E1CB1AE2D0BB00FBF49B /* AddBlurTests */ = {
			isa = PBXGroup;
			children = (
				A721E1CE1AE2D0BB00FBF49B /* AddBlurTests.swift */,
				A721E1CC1AE2D0BB00FBF49B /* Supporting Files */,
			);
			path = AddBlurTests;
			sourceTree = "<group>";
		};
		A721E1CC1AE2D0BB00FBF49B /* Supporting Files */ = {
			isa = PBXGroup;
			children = (
				A721E1CD1AE2D0BB00FBF49B /* Info.plist */,
			);
			name = "Supporting Files";
			sourceTree = "<group>";
		};
/* End PBXGroup section */

/* Begin PBXNativeTarget section */
		A721E1B21AE2D0BB00FBF49B /* AddBlur */ = {
			isa = PBXNativeTarget;
			buildConfigurationList = A721E1D21AE2D0BB00FBF49B /* Build configuration list for PBXNativeTarget "AddBlur" */;
			buildPhases = (
				A721E1AF1AE2D0BB00FBF49B /* Sources */,
				A721E1B01AE2D0BB00FBF49B /* Frameworks */,
				A721E1B11AE2D0BB00FBF49B /* Resources */,
			);
			buildRules = (
			);
			dependencies = (
			);
			name = AddBlur;
			productName = AddBlur;
			productReference = A721E1B31AE2D0BB00FBF49B /* AddBlur.app */;
			productType = "com.apple.product-type.application";
		};
		A721E1C71AE2D0BB00FBF49B /* AddBlurTests */ = {
			isa = PBXNativeTarget;
			buildConfigurationList = A721E1D51AE2D0BB00FBF49B /* Build configuration list for PBXNativeTarget "AddBlurTests" */;
			buildPhases = (
				A721E1C41AE2D0BB00FBF49B /* Sources */,
				A721E1C51AE2D0BB00FBF49B /* Frameworks */,
				A721E1C61AE2D0BB00FBF49B /* Resources */,
			);
			buildRules = (
			);
			dependencies = (
				A721E1CA1AE2D0BB00FBF49B /* PBXTargetDependency */,
			);
			name = AddBlurTests;
			productName = AddBlurTests;
			productReference = A721E1C81AE2D0BB00FBF49B /* AddBlurTests.xctest */;
			productType = "com.apple.product-type.bundle.unit-test";
		};
/* End PBXNativeTarget section */

/* Begin PBXProject section */
		A721E1AB1AE2D0BB00FBF49B /* Project object */ = {
			isa = PBXProject;
			attributes = {
				LastUpgradeCheck = 0630;
				ORGANIZATIONNAME = "Nguyen Quang Phuong";
				TargetAttributes = {
					A721E1B21AE2D0BB00FBF49B = {
						CreatedOnToolsVersion = 6.3;
					};
					A721E1C71AE2D0BB00FBF49B = {
						CreatedOnToolsVersion = 6.3;
						TestTargetID = A721E1B21AE2D0BB00FBF49B;
					};
				};
			};
			buildConfigurationList = A721E1AE1AE2D0BB00FBF49B /* Build configuration list for PBXProject "AddBlur" */;
			compatibilityVersion = "Xcode 3.2";
			developmentRegion = English;
			hasScannedForEncodings = 0;
			knownRegions = (
				en,
				Base,
			);
			mainGroup = A721E1AA1AE2D0BB00FBF49B;
			productRefGroup = A721E1B41AE2D0BB00FBF49B /* Products */;
			projectDirPath = "";
			projectRoot = "";
			targets = (
				A721E1B21AE2D0BB00FBF49B /* AddBlur */,
				A721E1C71AE2D0BB00FBF49B /* AddBlurTests */,
			);
		};
/* End PBXProject section */

/* Begin PBXResourcesBuildPhase section */
		A721E1B11AE2D0BB00FBF49B /* Resources */ = {
			isa = PBXResourcesBuildPhase;
			buildActionMask = 2147483647;
			files = (
				A721E1BE1AE2D0BB00FBF49B /* Main.storyboard in Resources */,
				A721E1C31AE2D0BB00FBF49B /* LaunchScreen.xib in Resources */,
				A721E1C01AE2D0BB00FBF49B /* Images.xcassets in Resources */,
				A721E1D91AE2D0F900FBF49B /* profile.jpg in Resources */,
			);
			runOnlyForDeploymentPostprocessing = 0;
		};
		A721E1C61AE2D0BB00FBF49B /* Resources */ = {
			isa = PBXResourcesBuildPhase;
			buildActionMask = 2147483647;
			files = (
			);
			runOnlyForDeploymentPostprocessing = 0;
		};
/* End PBXResourcesBuildPhase section */

/* Begin PBXSourcesBuildPhase section */
		A721E1AF1AE2D0BB00FBF49B /* Sources */ = {
			isa = PBXSourcesBuildPhase;
			buildActionMask = 2147483647;
			files = (
				A721E1BB1AE2D0BB00FBF49B /* ViewController.swift in Sources */,
				A721E1B91AE2D0BB00FBF49B /* AppDelegate.swift in Sources */,
			);
			runOnlyForDeploymentPostprocessing = 0;
		};
		A721E1C41AE2D0BB00FBF49B /* Sources */ = {
			isa = PBXSourcesBuildPhase;
			buildActionMask = 2147483647;
			files = (
				A721E1CF1AE2D0BB00FBF49B /* AddBlurTests.swift in Sources */,
			);
			runOnlyForDeploymentPostprocessing = 0;
		};
/* End PBXSourcesBuildPhase section */

/* Begin PBXTargetDependency section */
		A721E1CA1AE2D0BB00FBF49B /* PBXTargetDependency */ = {
			isa = PBXTargetDependency;
			target = A721E1B21AE2D0BB00FBF49B /* AddBlur */;
			targetProxy = A721E1C91AE2D0BB00FBF49B /* PBXContainerItemProxy */;
		};
/* End PBXTargetDependency section */

/* Begin PBXVariantGroup section */
		A721E1BC1AE2D0BB00FBF49B /* Main.storyboard */ = {
			isa = PBXVariantGroup;
			children = (
				A721E1BD1AE2D0BB00FBF49B /* Base */,
			);
			name = Main.storyboard;
			sourceTree = "<group>";
		};
		A721E1C11AE2D0BB00FBF49B /* LaunchScreen.xib */ = {
			isa = PBXVariantGroup;
			children = (
				A721E1C21AE2D0BB00FBF49B /* Base */,
			);
			name = LaunchScreen.xib;
			sourceTree = "<group>";
		};
/* End PBXVariantGroup section */

/* Begin XCBuildConfiguration section */
		A721E1D01AE2D0BB00FBF49B /* Debug */ = {
			isa = XCBuildConfiguration;
			buildSettings = {
				ALWAYS_SEARCH_USER_PATHS = NO;
				CLANG_CXX_LANGUAGE_STANDARD = "gnu++0x";
				CLANG_CXX_LIBRARY = "libc++";
				CLANG_ENABLE_MODULES = YES;
				CLANG_ENABLE_OBJC_ARC = YES;
				CLANG_WARN_BOOL_CONVERSION = YES;
				CLANG_WARN_CONSTANT_CONVERSION = YES;
				CLANG_WARN_DIRECT_OBJC_ISA_USAGE = YES_ERROR;
				CLANG_WARN_EMPTY_BODY = YES;
				CLANG_WARN_ENUM_CONVERSION = YES;
				CLANG_WARN_INT_CONVERSION = YES;
				CLANG_WARN_OBJC_ROOT_CLASS = YES_ERROR;
				CLANG_WARN_UNREACHABLE_CODE = YES;
				CLANG_WARN__DUPLICATE_METHOD_MATCH = YES;
				"CODE_SIGN_IDENTITY[sdk=iphoneos*]" = "iPhone Developer";
				COPY_PHASE_STRIP = NO;
				DEBUG_INFORMATION_FORMAT = "dwarf-with-dsym";
				ENABLE_STRICT_OBJC_MSGSEND = YES;
				GCC_C_LANGUAGE_STANDARD = gnu99;
				GCC_DYNAMIC_NO_PIC = NO;
				GCC_NO_COMMON_BLOCKS = YES;
				GCC_OPTIMIZATION_LEVEL = 0;
				GCC_PREPROCESSOR_DEFINITIONS = (
					"DEBUG=1",
					"$(inherited)",
				);
				GCC_SYMBOLS_PRIVATE_EXTERN = NO;
				GCC_WARN_64_TO_32_BIT_CONVERSION = YES;
				GCC_WARN_ABOUT_RETURN_TYPE = YES_ERROR;
				GCC_WARN_UNDECLARED_SELECTOR = YES;
				GCC_WARN_UNINITIALIZED_AUTOS = YES_AGGRESSIVE;
				GCC_WARN_UNUSED_FUNCTION = YES;
				GCC_WARN_UNUSED_VARIABLE = YES;
				IPHONEOS_DEPLOYMENT_TARGET = 8.3;
				MTL_ENABLE_DEBUG_INFO = YES;
				ONLY_ACTIVE_ARCH = YES;
				SDKROOT = iphoneos;
				SWIFT_OPTIMIZATION_LEVEL = "-Onone";
			};
			name = Debug;
		};
		A721E1D11AE2D0BB00FBF49B /* Release */ = {
			isa = XCBuildConfiguration;
			buildSettings = {
				ALWAYS_SEARCH_USER_PATHS = NO;
				CLANG_CXX_LANGUAGE_STANDARD = "gnu++0x";
				CLANG_CXX_LIBRARY = "libc++";
				CLANG_ENABLE_MODULES = YES;
				CLANG_ENABLE_OBJC_ARC = YES;
				CLANG_WARN_BOOL_CONVERSION = YES;
				CLANG_WARN_CONSTANT_CONVERSION = YES;
				CLANG_WARN_DIRECT_OBJC_ISA_USAGE = YES_ERROR;
				CLANG_WARN_EMPTY_BODY = YES;
				CLANG_WARN_ENUM_CONVERSION = YES;
				CLANG_WARN_INT_CONVERSION = YES;
				CLANG_WARN_OBJC_ROOT_CLASS = YES_ERROR;
				CLANG_WARN_UNREACHABLE_CODE = YES;
				CLANG_WARN__DUPLICATE_METHOD_MATCH = YES;
				"CODE_SIGN_IDENTITY[sdk=iphoneos*]" = "iPhone Developer";
				COPY_PHASE_STRIP = NO;
				DEBUG_INFORMATION_FORMAT = "dwarf-with-dsym";
				ENABLE_NS_ASSERTIONS = NO;
				ENABLE_STRICT_OBJC_MSGSEND = YES;
				GCC_C_LANGUAGE_STANDARD = gnu99;
				GCC_NO_COMMON_BLOCKS = YES;
				GCC_WARN_64_TO_32_BIT_CONVERSION = YES;
				GCC_WARN_ABOUT_RETURN_TYPE = YES_ERROR;
				GCC_WARN_UNDECLARED_SELECTOR = YES;
				GCC_WARN_UNINITIALIZED_AUTOS = YES_AGGRESSIVE;
				GCC_WARN_UNUSED_FUNCTION = YES;
				GCC_WARN_UNUSED_VARIABLE = YES;
				IPHONEOS_DEPLOYMENT_TARGET = 8.3;
				MTL_ENABLE_DEBUG_INFO = NO;
				SDKROOT = iphoneos;
				VALIDATE_PRODUCT = YES;
			};
			name = Release;
		};
		A721E1D31AE2D0BB00FBF49B /* Debug */ = {
			isa = XCBuildConfiguration;
			buildSettings = {
				ASSETCATALOG_COMPILER_APPICON_NAME = AppIcon;
				INFOPLIST_FILE = AddBlur/Info.plist;
				LD_RUNPATH_SEARCH_PATHS = "$(inherited) @executable_path/Frameworks";
				PRODUCT_NAME = "$(TARGET_NAME)";
			};
			name = Debug;
		};
		A721E1D41AE2D0BB00FBF49B /* Release */ = {
			isa = XCBuildConfiguration;
			buildSettings = {
				ASSETCATALOG_COMPILER_APPICON_NAME = AppIcon;
				INFOPLIST_FILE = AddBlur/Info.plist;
				LD_RUNPATH_SEARCH_PATHS = "$(inherited) @executable_path/Frameworks";
				PRODUCT_NAME = "$(TARGET_NAME)";
			};
			name = Release;
		};
		A721E1D61AE2D0BB00FBF49B /* Debug */ = {
			isa = XCBuildConfiguration;
			buildSettings = {
				BUNDLE_LOADER = "$(TEST_HOST)";
				FRAMEWORK_SEARCH_PATHS = (
					"$(SDKROOT)/Developer/Library/Frameworks",
					"$(inherited)",
				);
				GCC_PREPROCESSOR_DEFINITIONS = (
					"DEBUG=1",
					"$(inherited)",
				);
				INFOPLIST_FILE = AddBlurTests/Info.plist;
				LD_RUNPATH_SEARCH_PATHS = "$(inherited) @executable_path/Frameworks @loader_path/Frameworks";
				PRODUCT_NAME = "$(TARGET_NAME)";
				TEST_HOST = "$(BUILT_PRODUCTS_DIR)/AddBlur.app/AddBlur";
			};
			name = Debug;
		};
		A721E1D71AE2D0BB00FBF49B /* Release */ = {
			isa = XCBuildConfiguration;
			buildSettings = {
				BUNDLE_LOADER = "$(TEST_HOST)";
				FRAMEWORK_SEARCH_PATHS = (
					"$(SDKROOT)/Developer/Library/Frameworks",
					"$(inherited)",
				);
				INFOPLIST_FILE = AddBlurTests/Info.plist;
				LD_RUNPATH_SEARCH_PATHS = "$(inherited) @executable_path/Frameworks @loader_path/Frameworks";
				PRODUCT_NAME = "$(TARGET_NAME)";
				TEST_HOST = "$(BUILT_PRODUCTS_DIR)/AddBlur.app/AddBlur";
			};
			name = Release;
		};
/* End XCBuildConfiguration section */

/* Begin XCConfigurationList section */
		A721E1AE1AE2D0BB00FBF49B /* Build configuration list for PBXProject "AddBlur" */ = {
			isa = XCConfigurationList;
			buildConfigurations = (
				A721E1D01AE2D0BB00FBF49B /* Debug */,
				A721E1D11AE2D0BB00FBF49B /* Release */,
			);
			defaultConfigurationIsVisible = 0;
			defaultConfigurationName = Release;
		};
		A721E1D21AE2D0BB00FBF49B /* Build configuration list for PBXNativeTarget "AddBlur" */ = {
			isa = XCConfigurationList;
			buildConfigurations = (
				A721E1D31AE2D0BB00FBF49B /* Debug */,
				A721E1D41AE2D0BB00FBF49B /* Release */,
			);
			defaultConfigurationIsVisible = 0;
		};
		A721E1D51AE2D0BB00FBF49B /* Build configuration list for PBXNativeTarget "AddBlurTests" */ = {
			isa = XCConfigurationList;
			buildConfigurations = (
				A721E1D61AE2D0BB00FBF49B /* Debug */,
				A721E1D71AE2D0BB00FBF49B /* Release */,
			);
			defaultConfigurationIsVisible = 0;
		};
/* End XCConfigurationList section */
	};
	rootObject = A721E1AB1AE2D0BB00FBF49B /* Project object */;
}
